// !$*UTF8*$!
{
	archiveVersion = 1;
	classes = {
	};
	objectVersion = 46;
	objects = {

/* Begin PBXBuildFile section */
		BE7BF8821B85483A008CF71C /* main.m in Sources */ = {isa = PBXBuildFile; fileRef = BE7BF8811B85483A008CF71C /* main.m */; };
		BE7BF8851B85483A008CF71C /* AppDelegate.m in Sources */ = {isa = PBXBuildFile; fileRef = BE7BF8841B85483A008CF71C /* AppDelegate.m */; };
		BE7BF8881B85483A008CF71C /* MasterViewController.m in Sources */ = {isa = PBXBuildFile; fileRef = BE7BF8871B85483A008CF71C /* MasterViewController.m */; };
		BE7BF88B1B85483A008CF71C /* Main.storyboard in Resources */ = {isa = PBXBuildFile; fileRef = BE7BF8891B85483A008CF71C /* Main.storyboard */; };
		BE7BF88D1B85483A008CF71C /* Images.xcassets in Resources */ = {isa = PBXBuildFile; fileRef = BE7BF88C1B85483A008CF71C /* Images.xcassets */; };
		BE7BF8901B85483A008CF71C /* LaunchScreen.xib in Resources */ = {isa = PBXBuildFile; fileRef = BE7BF88E1B85483A008CF71C /* LaunchScreen.xib */; };
		BE7BF89C1B85483B008CF71C /* FibonacciScrollerTests.m in Sources */ = {isa = PBXBuildFile; fileRef = BE7BF89B1B85483B008CF71C /* FibonacciScrollerTests.m */; };
		BE7BF8AA1B854A3A008CF71C /* CustomTableViewCell.m in Sources */ = {isa = PBXBuildFile; fileRef = BE7BF8A91B854A3A008CF71C /* CustomTableViewCell.m */; };
		BE7BF8AD1B854A65008CF71C /* Constants.m in Sources */ = {isa = PBXBuildFile; fileRef = BE7BF8AC1B854A65008CF71C /* Constants.m */; };
/* End PBXBuildFile section */

/* Begin PBXContainerItemProxy section */
		BE7BF8961B85483B008CF71C /* PBXContainerItemProxy */ = {
			isa = PBXContainerItemProxy;
			containerPortal = BE7BF8741B85483A008CF71C /* Project object */;
			proxyType = 1;
			remoteGlobalIDString = BE7BF87B1B85483A008CF71C;
			remoteInfo = FibonacciScroller;
		};
/* End PBXContainerItemProxy section */

/* Begin PBXFileReference section */
		BE7BF87C1B85483A008CF71C /* FibonacciScroller.app */ = {isa = PBXFileReference; explicitFileType = wrapper.application; includeInIndex = 0; path = FibonacciScroller.app; sourceTree = BUILT_PRODUCTS_DIR; };
		BE7BF8801B85483A008CF71C /* Info.plist */ = {isa = PBXFileReference; lastKnownFileType = text.plist.xml; path = Info.plist; sourceTree = "<group>"; };
		BE7BF8811B85483A008CF71C /* main.m */ = {isa = PBXFileReference; lastKnownFileType = sourcecode.c.objc; path = main.m; sourceTree = "<group>"; };
		BE7BF8831B85483A008CF71C /* AppDelegate.h */ = {isa = PBXFileReference; lastKnownFileType = sourcecode.c.h; path = AppDelegate.h; sourceTree = "<group>"; };
		BE7BF8841B85483A008CF71C /* AppDelegate.m */ = {isa = PBXFileReference; lastKnownFileType = sourcecode.c.objc; path = AppDelegate.m; sourceTree = "<group>"; };
		BE7BF8861B85483A008CF71C /* MasterViewController.h */ = {isa = PBXFileReference; lastKnownFileType = sourcecode.c.h; path = MasterViewController.h; sourceTree = "<group>"; };
		BE7BF8871B85483A008CF71C /* MasterViewController.m */ = {isa = PBXFileReference; lastKnownFileType = sourcecode.c.objc; path = MasterViewController.m; sourceTree = "<group>"; };
		BE7BF88A1B85483A008CF71C /* Base */ = {isa = PBXFileReference; lastKnownFileType = file.storyboard; name = Base; path = Base.lproj/Main.storyboard; sourceTree = "<group>"; };
		BE7BF88C1B85483A008CF71C /* Images.xcassets */ = {isa = PBXFileReference; lastKnownFileType = folder.assetcatalog; path = Images.xcassets; sourceTree = "<group>"; };
		BE7BF88F1B85483A008CF71C /* Base */ = {isa = PBXFileReference; lastKnownFileType = file.xib; name = Base; path = Base.lproj/LaunchScreen.xib; sourceTree = "<group>"; };
		BE7BF8951B85483B008CF71C /* FibonacciScrollerTests.xctest */ = {isa = PBXFileReference; explicitFileType = wrapper.cfbundle; includeInIndex = 0; path = FibonacciScrollerTests.xctest; sourceTree = BUILT_PRODUCTS_DIR; };
		BE7BF89A1B85483B008CF71C /* Info.plist */ = {isa = PBXFileReference; lastKnownFileType = text.plist.xml; path = Info.plist; sourceTree = "<group>"; };
		BE7BF89B1B85483B008CF71C /* FibonacciScrollerTests.m */ = {isa = PBXFileReference; lastKnownFileType = sourcecode.c.objc; path = FibonacciScrollerTests.m; sourceTree = "<group>"; };
		BE7BF8A81B854A3A008CF71C /* CustomTableViewCell.h */ = {isa = PBXFileReference; fileEncoding = 4; lastKnownFileType = sourcecode.c.h; path = CustomTableViewCell.h; sourceTree = "<group>"; };
		BE7BF8A91B854A3A008CF71C /* CustomTableViewCell.m */ = {isa = PBXFileReference; fileEncoding = 4; lastKnownFileType = sourcecode.c.objc; path = CustomTableViewCell.m; sourceTree = "<group>"; };
		BE7BF8AB1B854A65008CF71C /* Constants.h */ = {isa = PBXFileReference; fileEncoding = 4; lastKnownFileType = sourcecode.c.h; path = Constants.h; sourceTree = "<group>"; };
		BE7BF8AC1B854A65008CF71C /* Constants.m */ = {isa = PBXFileReference; fileEncoding = 4; lastKnownFileType = sourcecode.c.objc; path = Constants.m; sourceTree = "<group>"; };
/* End PBXFileReference section */

/* Begin PBXFrameworksBuildPhase section */
		BE7BF8791B85483A008CF71C /* Frameworks */ = {
			isa = PBXFrameworksBuildPhase;
			buildActionMask = 2147483647;
			files = (
			);
			runOnlyForDeploymentPostprocessing = 0;
		};
		BE7BF8921B85483B008CF71C /* Frameworks */ = {
			isa = PBXFrameworksBuildPhase;
			buildActionMask = 2147483647;
			files = (
			);
			runOnlyForDeploymentPostprocessing = 0;
		};
/* End PBXFrameworksBuildPhase section */

/* Begin PBXGroup section */
		BE7BF8731B85483A008CF71C = {
			isa = PBXGroup;
			children = (
				BE7BF87E1B85483A008CF71C /* FibonacciScroller */,
				BE7BF8981B85483B008CF71C /* FibonacciScrollerTests */,
				BE7BF87D1B85483A008CF71C /* Products */,
			);
			sourceTree = "<group>";
		};
		BE7BF87D1B85483A008CF71C /* Products */ = {
			isa = PBXGroup;
			children = (
				BE7BF87C1B85483A008CF71C /* FibonacciScroller.app */,
				BE7BF8951B85483B008CF71C /* FibonacciScrollerTests.xctest */,
			);
			name = Products;
			sourceTree = "<group>";
		};
		BE7BF87E1B85483A008CF71C /* FibonacciScroller */ = {
			isa = PBXGroup;
			children = (
				BE7BF8831B85483A008CF71C /* AppDelegate.h */,
				BE7BF8841B85483A008CF71C /* AppDelegate.m */,
				BE7BF8891B85483A008CF71C /* Main.storyboard */,
				BE7BF8A61B8549D9008CF71C /* Model */,
				BE7BF8A51B8549CD008CF71C /* Controller */,
				BE7BF8A71B8549E2008CF71C /* View */,
				BE7BF88C1B85483A008CF71C /* Images.xcassets */,
				BE7BF88E1B85483A008CF71C /* LaunchScreen.xib */,
				BE7BF87F1B85483A008CF71C /* Supporting Files */,
			);
			path = FibonacciScroller;
			sourceTree = "<group>";
		};
		BE7BF87F1B85483A008CF71C /* Supporting Files */ = {
			isa = PBXGroup;
			children = (
				BE7BF8801B85483A008CF71C /* Info.plist */,
				BE7BF8811B85483A008CF71C /* main.m */,
			);
			name = "Supporting Files";
			sourceTree = "<group>";
		};
		BE7BF8981B85483B008CF71C /* FibonacciScrollerTests */ = {
			isa = PBXGroup;
			children = (
				BE7BF89B1B85483B008CF71C /* FibonacciScrollerTests.m */,
				BE7BF8991B85483B008CF71C /* Supporting Files */,
			);
			path = FibonacciScrollerTests;
			sourceTree = "<group>";
		};
		BE7BF8991B85483B008CF71C /* Supporting Files */ = {
			isa = PBXGroup;
			children = (
				BE7BF89A1B85483B008CF71C /* Info.plist */,
			);
			name = "Supporting Files";
			sourceTree = "<group>";
		};
		BE7BF8A51B8549CD008CF71C /* Controller */ = {
			isa = PBXGroup;
			children = (
				BE7BF8861B85483A008CF71C /* MasterViewController.h */,
				BE7BF8871B85483A008CF71C /* MasterViewController.m */,
			);
			name = Controller;
			sourceTree = "<group>";
		};
		BE7BF8A61B8549D9008CF71C /* Model */ = {
			isa = PBXGroup;
			children = (
				BE7BF8AB1B854A65008CF71C /* Constants.h */,
				BE7BF8AC1B854A65008CF71C /* Constants.m */,
			);
			name = Model;
			sourceTree = "<group>";
		};
		BE7BF8A71B8549E2008CF71C /* View */ = {
			isa = PBXGroup;
			children = (
				BE7BF8A81B854A3A008CF71C /* CustomTableViewCell.h */,
				BE7BF8A91B854A3A008CF71C /* CustomTableViewCell.m */,
			);
			name = View;
			sourceTree = "<group>";
		};
/* End PBXGroup section */

/* Begin PBXNativeTarget section */
		BE7BF87B1B85483A008CF71C /* FibonacciScroller */ = {
			isa = PBXNativeTarget;
			buildConfigurationList = BE7BF89F1B85483B008CF71C /* Build configuration list for PBXNativeTarget "FibonacciScroller" */;
			buildPhases = (
				BE7BF8781B85483A008CF71C /* Sources */,
				BE7BF8791B85483A008CF71C /* Frameworks */,
				BE7BF87A1B85483A008CF71C /* Resources */,
			);
			buildRules = (
			);
			dependencies = (
			);
			name = FibonacciScroller;
			productName = FibonacciScroller;
			productReference = BE7BF87C1B85483A008CF71C /* FibonacciScroller.app */;
			productType = "com.apple.product-type.application";
		};
		BE7BF8941B85483B008CF71C /* FibonacciScrollerTests */ = {
			isa = PBXNativeTarget;
			buildConfigurationList = BE7BF8A21B85483B008CF71C /* Build configuration list for PBXNativeTarget "FibonacciScrollerTests" */;
			buildPhases = (
				BE7BF8911B85483B008CF71C /* Sources */,
				BE7BF8921B85483B008CF71C /* Frameworks */,
				BE7BF8931B85483B008CF71C /* Resources */,
			);
			buildRules = (
			);
			dependencies = (
				BE7BF8971B85483B008CF71C /* PBXTargetDependency */,
			);
			name = FibonacciScrollerTests;
			productName = FibonacciScrollerTests;
			productReference = BE7BF8951B85483B008CF71C /* FibonacciScrollerTests.xctest */;
			productType = "com.apple.product-type.bundle.unit-test";
		};
/* End PBXNativeTarget section */

/* Begin PBXProject section */
		BE7BF8741B85483A008CF71C /* Project object */ = {
			isa = PBXProject;
			attributes = {
				LastUpgradeCheck = 0640;
				ORGANIZATIONNAME = allensu;
				TargetAttributes = {
					BE7BF87B1B85483A008CF71C = {
						CreatedOnToolsVersion = 6.4;
					};
					BE7BF8941B85483B008CF71C = {
						CreatedOnToolsVersion = 6.4;
						TestTargetID = BE7BF87B1B85483A008CF71C;
					};
				};
			};
			buildConfigurationList = BE7BF8771B85483A008CF71C /* Build configuration list for PBXProject "FibonacciScroller" */;
			compatibilityVersion = "Xcode 3.2";
			developmentRegion = English;
			hasScannedForEncodings = 0;
			knownRegions = (
				en,
				Base,
			);
			mainGroup = BE7BF8731B85483A008CF71C;
			productRefGroup = BE7BF87D1B85483A008CF71C /* Products */;
			projectDirPath = "";
			projectRoot = "";
			targets = (
				BE7BF87B1B85483A008CF71C /* FibonacciScroller */,
				BE7BF8941B85483B008CF71C /* FibonacciScrollerTests */,
			);
		};
/* End PBXProject section */

/* Begin PBXResourcesBuildPhase section */
		BE7BF87A1B85483A008CF71C /* Resources */ = {
			isa = PBXResourcesBuildPhase;
			buildActionMask = 2147483647;
			files = (
				BE7BF88B1B85483A008CF71C /* Main.storyboard in Resources */,
				BE7BF8901B85483A008CF71C /* LaunchScreen.xib in Resources */,
				BE7BF88D1B85483A008CF71C /* Images.xcassets in Resources */,
			);
			runOnlyForDeploymentPostprocessing = 0;
		};
		BE7BF8931B85483B008CF71C /* Resources */ = {
			isa = PBXResourcesBuildPhase;
			buildActionMask = 2147483647;
			files = (
			);
			runOnlyForDeploymentPostprocessing = 0;
		};
/* End PBXResourcesBuildPhase section */

/* Begin PBXSourcesBuildPhase section */
		BE7BF8781B85483A008CF71C /* Sources */ = {
			isa = PBXSourcesBuildPhase;
			buildActionMask = 2147483647;
			files = (
				BE7BF8AD1B854A65008CF71C /* Constants.m in Sources */,
				BE7BF8881B85483A008CF71C /* MasterViewController.m in Sources */,
				BE7BF8851B85483A008CF71C /* AppDelegate.m in Sources */,
				BE7BF8AA1B854A3A008CF71C /* CustomTableViewCell.m in Sources */,
				BE7BF8821B85483A008CF71C /* main.m in Sources */,
			);
			runOnlyForDeploymentPostprocessing = 0;
		};
		BE7BF8911B85483B008CF71C /* Sources */ = {
			isa = PBXSourcesBuildPhase;
			buildActionMask = 2147483647;
			files = (
				BE7BF89C1B85483B008CF71C /* FibonacciScrollerTests.m in Sources */,
			);
			runOnlyForDeploymentPostprocessing = 0;
		};
/* End PBXSourcesBuildPhase section */

/* Begin PBXTargetDependency section */
		BE7BF8971B85483B008CF71C /* PBXTargetDependency */ = {
			isa = PBXTargetDependency;
			target = BE7BF87B1B85483A008CF71C /* FibonacciScroller */;
			targetProxy = BE7BF8961B85483B008CF71C /* PBXContainerItemProxy */;
		};
/* End PBXTargetDependency section */

/* Begin PBXVariantGroup section */
		BE7BF8891B85483A008CF71C /* Main.storyboard */ = {
			isa = PBXVariantGroup;
			children = (
				BE7BF88A1B85483A008CF71C /* Base */,
			);
			name = Main.storyboard;
			sourceTree = "<group>";
		};
		BE7BF88E1B85483A008CF71C /* LaunchScreen.xib */ = {
			isa = PBXVariantGroup;
			children = (
				BE7BF88F1B85483A008CF71C /* Base */,
			);
			name = LaunchScreen.xib;
			sourceTree = "<group>";
		};
/* End PBXVariantGroup section */

/* Begin XCBuildConfiguration section */
		BE7BF89D1B85483B008CF71C /* Debug */ = {
			isa = XCBuildConfiguration;
			buildSettings = {
				ALWAYS_SEARCH_USER_PATHS = NO;
				CLANG_CXX_LANGUAGE_STANDARD = "gnu++0x";
				CLANG_CXX_LIBRARY = "libc++";
				CLANG_ENABLE_MODULES = YES;
				CLANG_ENABLE_OBJC_ARC = YES;
				CLANG_WARN_BOOL_CONVERSION = YES;
				CLANG_WARN_CONSTANT_CONVERSION = YES;
				CLANG_WARN_DIRECT_OBJC_ISA_USAGE = YES_ERROR;
				CLANG_WARN_EMPTY_BODY = YES;
				CLANG_WARN_ENUM_CONVERSION = YES;
				CLANG_WARN_INT_CONVERSION = YES;
				CLANG_WARN_OBJC_ROOT_CLASS = YES_ERROR;
				CLANG_WARN_UNREACHABLE_CODE = YES;
				CLANG_WARN__DUPLICATE_METHOD_MATCH = YES;
				"CODE_SIGN_IDENTITY[sdk=iphoneos*]" = "iPhone Developer";
				COPY_PHASE_STRIP = NO;
				DEBUG_INFORMATION_FORMAT = "dwarf-with-dsym";
				ENABLE_STRICT_OBJC_MSGSEND = YES;
				GCC_C_LANGUAGE_STANDARD = gnu99;
				GCC_DYNAMIC_NO_PIC = NO;
				GCC_NO_COMMON_BLOCKS = YES;
				GCC_OPTIMIZATION_LEVEL = 0;
				GCC_PREPROCESSOR_DEFINITIONS = (
					"DEBUG=1",
					"$(inherited)",
				);
				GCC_SYMBOLS_PRIVATE_EXTERN = NO;
				GCC_WARN_64_TO_32_BIT_CONVERSION = YES;
				GCC_WARN_ABOUT_RETURN_TYPE = YES_ERROR;
				GCC_WARN_UNDECLARED_SELECTOR = YES;
				GCC_WARN_UNINITIALIZED_AUTOS = YES_AGGRESSIVE;
				GCC_WARN_UNUSED_FUNCTION = YES;
				GCC_WARN_UNUSED_VARIABLE = YES;
				IPHONEOS_DEPLOYMENT_TARGET = 8.4;
				MTL_ENABLE_DEBUG_INFO = YES;
				ONLY_ACTIVE_ARCH = YES;
				SDKROOT = iphoneos;
			};
			name = Debug;
		};
		BE7BF89E1B85483B008CF71C /* Release */ = {
			isa = XCBuildConfiguration;
			buildSettings = {
				ALWAYS_SEARCH_USER_PATHS = NO;
				CLANG_CXX_LANGUAGE_STANDARD = "gnu++0x";
				CLANG_CXX_LIBRARY = "libc++";
				CLANG_ENABLE_MODULES = YES;
				CLANG_ENABLE_OBJC_ARC = YES;
				CLANG_WARN_BOOL_CONVERSION = YES;
				CLANG_WARN_CONSTANT_CONVERSION = YES;
				CLANG_WARN_DIRECT_OBJC_ISA_USAGE = YES_ERROR;
				CLANG_WARN_EMPTY_BODY = YES;
				CLANG_WARN_ENUM_CONVERSION = YES;
				CLANG_WARN_INT_CONVERSION = YES;
				CLANG_WARN_OBJC_ROOT_CLASS = YES_ERROR;
				CLANG_WARN_UNREACHABLE_CODE = YES;
				CLANG_WARN__DUPLICATE_METHOD_MATCH = YES;
				"CODE_SIGN_IDENTITY[sdk=iphoneos*]" = "iPhone Developer";
				COPY_PHASE_STRIP = NO;
				DEBUG_INFORMATION_FORMAT = "dwarf-with-dsym";
				ENABLE_NS_ASSERTIONS = NO;
				ENABLE_STRICT_OBJC_MSGSEND = YES;
				GCC_C_LANGUAGE_STANDARD = gnu99;
				GCC_NO_COMMON_BLOCKS = YES;
				GCC_WARN_64_TO_32_BIT_CONVERSION = YES;
				GCC_WARN_ABOUT_RETURN_TYPE = YES_ERROR;
				GCC_WARN_UNDECLARED_SELECTOR = YES;
				GCC_WARN_UNINITIALIZED_AUTOS = YES_AGGRESSIVE;
				GCC_WARN_UNUSED_FUNCTION = YES;
				GCC_WARN_UNUSED_VARIABLE = YES;
				IPHONEOS_DEPLOYMENT_TARGET = 8.4;
				MTL_ENABLE_DEBUG_INFO = NO;
				SDKROOT = iphoneos;
				VALIDATE_PRODUCT = YES;
			};
			name = Release;
		};
		BE7BF8A01B85483B008CF71C /* Debug */ = {
			isa = XCBuildConfiguration;
			buildSettings = {
				ASSETCATALOG_COMPILER_APPICON_NAME = AppIcon;
				INFOPLIST_FILE = FibonacciScroller/Info.plist;
				LD_RUNPATH_SEARCH_PATHS = "$(inherited) @executable_path/Frameworks";
				PRODUCT_NAME = "$(TARGET_NAME)";
			};
			name = Debug;
		};
		BE7BF8A11B85483B008CF71C /* Release */ = {
			isa = XCBuildConfiguration;
			buildSettings = {
				ASSETCATALOG_COMPILER_APPICON_NAME = AppIcon;
				INFOPLIST_FILE = FibonacciScroller/Info.plist;
				LD_RUNPATH_SEARCH_PATHS = "$(inherited) @executable_path/Frameworks";
				PRODUCT_NAME = "$(TARGET_NAME)";
			};
			name = Release;
		};
		BE7BF8A31B85483B008CF71C /* Debug */ = {
			isa = XCBuildConfiguration;
			buildSettings = {
				BUNDLE_LOADER = "$(TEST_HOST)";
				FRAMEWORK_SEARCH_PATHS = (
					"$(SDKROOT)/Developer/Library/Frameworks",
					"$(inherited)",
				);
				GCC_PREPROCESSOR_DEFINITIONS = (
					"DEBUG=1",
					"$(inherited)",
				);
				INFOPLIST_FILE = FibonacciScrollerTests/Info.plist;
				LD_RUNPATH_SEARCH_PATHS = "$(inherited) @executable_path/Frameworks @loader_path/Frameworks";
				PRODUCT_NAME = "$(TARGET_NAME)";
				TEST_HOST = "$(BUILT_PRODUCTS_DIR)/FibonacciScroller.app/FibonacciScroller";
			};
			name = Debug;
		};
		BE7BF8A41B85483B008CF71C /* Release */ = {
			isa = XCBuildConfiguration;
			buildSettings = {
				BUNDLE_LOADER = "$(TEST_HOST)";
				FRAMEWORK_SEARCH_PATHS = (
					"$(SDKROOT)/Developer/Library/Frameworks",
					"$(inherited)",
				);
				INFOPLIST_FILE = FibonacciScrollerTests/Info.plist;
				LD_RUNPATH_SEARCH_PATHS = "$(inherited) @executable_path/Frameworks @loader_path/Frameworks";
				PRODUCT_NAME = "$(TARGET_NAME)";
				TEST_HOST = "$(BUILT_PRODUCTS_DIR)/FibonacciScroller.app/FibonacciScroller";
			};
			name = Release;
		};
/* End XCBuildConfiguration section */

/* Begin XCConfigurationList section */
		BE7BF8771B85483A008CF71C /* Build configuration list for PBXProject "FibonacciScroller" */ = {
			isa = XCConfigurationList;
			buildConfigurations = (
				BE7BF89D1B85483B008CF71C /* Debug */,
				BE7BF89E1B85483B008CF71C /* Release */,
			);
			defaultConfigurationIsVisible = 0;
			defaultConfigurationName = Release;
		};
		BE7BF89F1B85483B008CF71C /* Build configuration list for PBXNativeTarget "FibonacciScroller" */ = {
			isa = XCConfigurationList;
			buildConfigurations = (
				BE7BF8A01B85483B008CF71C /* Debug */,
				BE7BF8A11B85483B008CF71C /* Release */,
			);
			defaultConfigurationIsVisible = 0;
		};
		BE7BF8A21B85483B008CF71C /* Build configuration list for PBXNativeTarget "FibonacciScrollerTests" */ = {
			isa = XCConfigurationList;
			buildConfigurations = (
				BE7BF8A31B85483B008CF71C /* Debug */,
				BE7BF8A41B85483B008CF71C /* Release */,
			);
			defaultConfigurationIsVisible = 0;
		};
/* End XCConfigurationList section */
	};
	rootObject = BE7BF8741B85483A008CF71C /* Project object */;
}
